// !$*UTF8*$!
{
	archiveVersion = 1;
	classes = {
	};
	objectVersion = 50;
	objects = {

/* Begin PBXBuildFile section */
		BD229357232076D300025851 /* AppDelegate.swift in Sources */ = {isa = PBXBuildFile; fileRef = BD229356232076D300025851 /* AppDelegate.swift */; };
		BD229359232076D300025851 /* ViewController.swift in Sources */ = {isa = PBXBuildFile; fileRef = BD229358232076D300025851 /* ViewController.swift */; };
		BD22935C232076D300025851 /* Main.storyboard in Resources */ = {isa = PBXBuildFile; fileRef = BD22935A232076D300025851 /* Main.storyboard */; };
		BD22935E232076D500025851 /* Assets.xcassets in Resources */ = {isa = PBXBuildFile; fileRef = BD22935D232076D500025851 /* Assets.xcassets */; };
		BD229361232076D500025851 /* LaunchScreen.storyboard in Resources */ = {isa = PBXBuildFile; fileRef = BD22935F232076D500025851 /* LaunchScreen.storyboard */; };
		BD22936E23207DC700025851 /* PaymentProcessHeader.xib in Resources */ = {isa = PBXBuildFile; fileRef = BD22936C23207DC700025851 /* PaymentProcessHeader.xib */; };
		BD22936F23207DC700025851 /* PaymentProcessHeader.swift in Sources */ = {isa = PBXBuildFile; fileRef = BD22936D23207DC700025851 /* PaymentProcessHeader.swift */; };
		BD68C26C2322CE870023BCAD /* mcaUtilsiOS.framework in Frameworks */ = {isa = PBXBuildFile; fileRef = BD68C26B2322CE870023BCAD /* mcaUtilsiOS.framework */; };
		BD68C26E2322CE960023BCAD /* mcaLoginiOS.framework in Frameworks */ = {isa = PBXBuildFile; fileRef = BD68C26D2322CE960023BCAD /* mcaLoginiOS.framework */; };
		CFDD12728746562B62CC445E /* Pods_KhipuTest.framework in Frameworks */ = {isa = PBXBuildFile; fileRef = D76475F16CA0690E9D620917 /* Pods_KhipuTest.framework */; };
/* End PBXBuildFile section */

/* Begin PBXFileReference section */
		26D933A9E244320BBECABD8F /* Pods-KhipuTest.debug.xcconfig */ = {isa = PBXFileReference; includeInIndex = 1; lastKnownFileType = text.xcconfig; name = "Pods-KhipuTest.debug.xcconfig"; path = "../../../mcaUtilsiOS/Pods/Pods/Target Support Files/Pods-KhipuTest/Pods-KhipuTest.debug.xcconfig"; sourceTree = "<group>"; };
		2FCB629B5AC915087B93D6D3 /* Pods-KhipuTest.release.xcconfig */ = {isa = PBXFileReference; includeInIndex = 1; lastKnownFileType = text.xcconfig; name = "Pods-KhipuTest.release.xcconfig"; path = "../../../mcaUtilsiOS/Pods/Pods/Target Support Files/Pods-KhipuTest/Pods-KhipuTest.release.xcconfig"; sourceTree = "<group>"; };
		BD229353232076D300025851 /* KhipuTest.app */ = {isa = PBXFileReference; explicitFileType = wrapper.application; includeInIndex = 0; path = KhipuTest.app; sourceTree = BUILT_PRODUCTS_DIR; };
		BD229356232076D300025851 /* AppDelegate.swift */ = {isa = PBXFileReference; lastKnownFileType = sourcecode.swift; path = AppDelegate.swift; sourceTree = "<group>"; };
		BD229358232076D300025851 /* ViewController.swift */ = {isa = PBXFileReference; lastKnownFileType = sourcecode.swift; path = ViewController.swift; sourceTree = "<group>"; };
		BD22935B232076D300025851 /* Base */ = {isa = PBXFileReference; lastKnownFileType = file.storyboard; name = Base; path = Base.lproj/Main.storyboard; sourceTree = "<group>"; };
		BD22935D232076D500025851 /* Assets.xcassets */ = {isa = PBXFileReference; lastKnownFileType = folder.assetcatalog; path = Assets.xcassets; sourceTree = "<group>"; };
		BD229360232076D500025851 /* Base */ = {isa = PBXFileReference; lastKnownFileType = file.storyboard; name = Base; path = Base.lproj/LaunchScreen.storyboard; sourceTree = "<group>"; };
		BD229362232076D500025851 /* Info.plist */ = {isa = PBXFileReference; lastKnownFileType = text.plist.xml; path = Info.plist; sourceTree = "<group>"; };
		BD22936C23207DC700025851 /* PaymentProcessHeader.xib */ = {isa = PBXFileReference; fileEncoding = 4; lastKnownFileType = file.xib; path = PaymentProcessHeader.xib; sourceTree = "<group>"; };
		BD22936D23207DC700025851 /* PaymentProcessHeader.swift */ = {isa = PBXFileReference; fileEncoding = 4; lastKnownFileType = sourcecode.swift; path = PaymentProcessHeader.swift; sourceTree = "<group>"; };
		BD68C26B2322CE870023BCAD /* mcaUtilsiOS.framework */ = {isa = PBXFileReference; explicitFileType = wrapper.framework; path = mcaUtilsiOS.framework; sourceTree = BUILT_PRODUCTS_DIR; };
		BD68C26D2322CE960023BCAD /* mcaLoginiOS.framework */ = {isa = PBXFileReference; explicitFileType = wrapper.framework; path = mcaLoginiOS.framework; sourceTree = BUILT_PRODUCTS_DIR; };
		D76475F16CA0690E9D620917 /* Pods_KhipuTest.framework */ = {isa = PBXFileReference; explicitFileType = wrapper.framework; includeInIndex = 0; path = Pods_KhipuTest.framework; sourceTree = BUILT_PRODUCTS_DIR; };
/* End PBXFileReference section */

/* Begin PBXFrameworksBuildPhase section */
		BD229350232076D300025851 /* Frameworks */ = {
			isa = PBXFrameworksBuildPhase;
			buildActionMask = 2147483647;
			files = (
				BD68C26E2322CE960023BCAD /* mcaLoginiOS.framework in Frameworks */,
				BD68C26C2322CE870023BCAD /* mcaUtilsiOS.framework in Frameworks */,
				CFDD12728746562B62CC445E /* Pods_KhipuTest.framework in Frameworks */,
			);
			runOnlyForDeploymentPostprocessing = 0;
		};
/* End PBXFrameworksBuildPhase section */

/* Begin PBXGroup section */
		3BE44B16E20BB401259DE863 /* Pods */ = {
			isa = PBXGroup;
			children = (
				26D933A9E244320BBECABD8F /* Pods-KhipuTest.debug.xcconfig */,
				2FCB629B5AC915087B93D6D3 /* Pods-KhipuTest.release.xcconfig */,
			);
			path = Pods;
			sourceTree = "<group>";
		};
		7A788D525CCD4F8AA1C979E8 /* Frameworks */ = {
			isa = PBXGroup;
			children = (
				BD68C26D2322CE960023BCAD /* mcaLoginiOS.framework */,
				BD68C26B2322CE870023BCAD /* mcaUtilsiOS.framework */,
				D76475F16CA0690E9D620917 /* Pods_KhipuTest.framework */,
			);
			name = Frameworks;
			sourceTree = "<group>";
		};
		BD22934A232076D300025851 = {
			isa = PBXGroup;
			children = (
				BD229355232076D300025851 /* KhipuTest */,
				BD229354232076D300025851 /* Products */,
				3BE44B16E20BB401259DE863 /* Pods */,
				7A788D525CCD4F8AA1C979E8 /* Frameworks */,
			);
			sourceTree = "<group>";
		};
		BD229354232076D300025851 /* Products */ = {
			isa = PBXGroup;
			children = (
				BD229353232076D300025851 /* KhipuTest.app */,
			);
			name = Products;
			sourceTree = "<group>";
		};
		BD229355232076D300025851 /* KhipuTest */ = {
			isa = PBXGroup;
			children = (
				BD229356232076D300025851 /* AppDelegate.swift */,
				BD229358232076D300025851 /* ViewController.swift */,
				BD22936D23207DC700025851 /* PaymentProcessHeader.swift */,
				BD22936C23207DC700025851 /* PaymentProcessHeader.xib */,
				BD22935A232076D300025851 /* Main.storyboard */,
				BD22935D232076D500025851 /* Assets.xcassets */,
				BD22935F232076D500025851 /* LaunchScreen.storyboard */,
				BD229362232076D500025851 /* Info.plist */,
			);
			path = KhipuTest;
			sourceTree = "<group>";
		};
/* End PBXGroup section */

/* Begin PBXNativeTarget section */
		BD229352232076D300025851 /* KhipuTest */ = {
			isa = PBXNativeTarget;
			buildConfigurationList = BD229365232076D500025851 /* Build configuration list for PBXNativeTarget "KhipuTest" */;
			buildPhases = (
				4DD2F8F2DA43E83353C09E1A /* [CP] Check Pods Manifest.lock */,
				BD22934F232076D300025851 /* Sources */,
				BD229350232076D300025851 /* Frameworks */,
				BD229351232076D300025851 /* Resources */,
				780E8A9E19B9AFD93189F86B /* [CP] Embed Pods Frameworks */,
				17D020F803E09B798E730CE1 /* [CP] Copy Pods Resources */,
			);
			buildRules = (
			);
			dependencies = (
			);
			name = KhipuTest;
			productName = KhipuTest;
			productReference = BD229353232076D300025851 /* KhipuTest.app */;
			productType = "com.apple.product-type.application";
		};
/* End PBXNativeTarget section */

/* Begin PBXProject section */
		BD22934B232076D300025851 /* Project object */ = {
			isa = PBXProject;
			attributes = {
				LastSwiftUpdateCheck = 1020;
				LastUpgradeCheck = 1020;
				ORGANIZATIONNAME = "Speedy Movil";
				TargetAttributes = {
					BD229352232076D300025851 = {
						CreatedOnToolsVersion = 10.2.1;
					};
				};
			};
			buildConfigurationList = BD22934E232076D300025851 /* Build configuration list for PBXProject "KhipuTest" */;
			compatibilityVersion = "Xcode 9.3";
			developmentRegion = en;
			hasScannedForEncodings = 0;
			knownRegions = (
				en,
				Base,
			);
			mainGroup = BD22934A232076D300025851;
			productRefGroup = BD229354232076D300025851 /* Products */;
			projectDirPath = "";
			projectRoot = "";
			targets = (
				BD229352232076D300025851 /* KhipuTest */,
			);
		};
/* End PBXProject section */

/* Begin PBXResourcesBuildPhase section */
		BD229351232076D300025851 /* Resources */ = {
			isa = PBXResourcesBuildPhase;
			buildActionMask = 2147483647;
			files = (
				BD229361232076D500025851 /* LaunchScreen.storyboard in Resources */,
				BD22935E232076D500025851 /* Assets.xcassets in Resources */,
				BD22935C232076D300025851 /* Main.storyboard in Resources */,
				BD22936E23207DC700025851 /* PaymentProcessHeader.xib in Resources */,
			);
			runOnlyForDeploymentPostprocessing = 0;
		};
/* End PBXResourcesBuildPhase section */

/* Begin PBXShellScriptBuildPhase section */
		17D020F803E09B798E730CE1 /* [CP] Copy Pods Resources */ = {
			isa = PBXShellScriptBuildPhase;
			buildActionMask = 2147483647;
			files = (
			);
			inputFileListPaths = (
			);
			inputPaths = (
				"${PODS_ROOT}/Target Support Files/Pods-KhipuTest/Pods-KhipuTest-resources.sh",
				"${PODS_ROOT}/IBMMobileFirstPlatformFoundation/IBMMobileFirstPlatformFoundation/Resources/Localizations.bundle",
				"${PODS_ROOT}/khenshin/Products/khenshin.bundle",
				"${PODS_ROOT}/GoogleMaps/Maps/Frameworks/GoogleMaps.framework/Resources/GoogleMaps.bundle",
			);
			name = "[CP] Copy Pods Resources";
			outputFileListPaths = (
			);
			outputPaths = (
				"${TARGET_BUILD_DIR}/${UNLOCALIZED_RESOURCES_FOLDER_PATH}/Localizations.bundle",
				"${TARGET_BUILD_DIR}/${UNLOCALIZED_RESOURCES_FOLDER_PATH}/khenshin.bundle",
				"${TARGET_BUILD_DIR}/${UNLOCALIZED_RESOURCES_FOLDER_PATH}/GoogleMaps.bundle",
			);
			runOnlyForDeploymentPostprocessing = 0;
			shellPath = /bin/sh;
			shellScript = "\"${PODS_ROOT}/Target Support Files/Pods-KhipuTest/Pods-KhipuTest-resources.sh\"\n";
			showEnvVarsInLog = 0;
		};
		4DD2F8F2DA43E83353C09E1A /* [CP] Check Pods Manifest.lock */ = {
			isa = PBXShellScriptBuildPhase;
			buildActionMask = 2147483647;
			files = (
			);
			inputFileListPaths = (
			);
			inputPaths = (
				"${PODS_PODFILE_DIR_PATH}/Podfile.lock",
				"${PODS_ROOT}/Manifest.lock",
			);
			name = "[CP] Check Pods Manifest.lock";
			outputFileListPaths = (
			);
			outputPaths = (
				"$(DERIVED_FILE_DIR)/Pods-KhipuTest-checkManifestLockResult.txt",
			);
			runOnlyForDeploymentPostprocessing = 0;
			shellPath = /bin/sh;
			shellScript = "diff \"${PODS_PODFILE_DIR_PATH}/Podfile.lock\" \"${PODS_ROOT}/Manifest.lock\" > /dev/null\nif [ $? != 0 ] ; then\n    # print error to STDERR\n    echo \"error: The sandbox is not in sync with the Podfile.lock. Run 'pod install' or update your CocoaPods installation.\" >&2\n    exit 1\nfi\n# This output is used by Xcode 'outputs' to avoid re-running this script phase.\necho \"SUCCESS\" > \"${SCRIPT_OUTPUT_FILE_0}\"\n";
			showEnvVarsInLog = 0;
		};
		780E8A9E19B9AFD93189F86B /* [CP] Embed Pods Frameworks */ = {
			isa = PBXShellScriptBuildPhase;
			buildActionMask = 2147483647;
			files = (
			);
			inputFileListPaths = (
			);
			inputPaths = (
				"${PODS_ROOT}/Target Support Files/Pods-KhipuTest/Pods-KhipuTest-frameworks.sh",
				"${BUILT_PRODUCTS_DIR}/AFNetworking/AFNetworking.framework",
				"${BUILT_PRODUCTS_DIR}/ActionSheetPicker-3.0/ActionSheetPicker_3_0.framework",
				"${BUILT_PRODUCTS_DIR}/BEMCheckBox/BEMCheckBox.framework",
				"${BUILT_PRODUCTS_DIR}/Cartography/Cartography.framework",
				"${BUILT_PRODUCTS_DIR}/DLRadioButton/DLRadioButton.framework",
				"${BUILT_PRODUCTS_DIR}/FontAwesome.swift/FontAwesome_swift.framework",
				"${PODS_ROOT}/IBMMobileFirstPlatformFoundation/IBMMobileFirstPlatformFoundation/Frameworks/IBMMobileFirstPlatformFoundation.framework",
				"${BUILT_PRODUCTS_DIR}/IQKeyboardManager/IQKeyboardManager.framework",
				"${BUILT_PRODUCTS_DIR}/JSONModel/JSONModel.framework",
				"${BUILT_PRODUCTS_DIR}/JSONWebToken/JWT.framework",
				"${BUILT_PRODUCTS_DIR}/JVFloatLabeledTextField/JVFloatLabeledTextField.framework",
				"${BUILT_PRODUCTS_DIR}/ObjectMapper/ObjectMapper.framework",
				"${BUILT_PRODUCTS_DIR}/PKHUD/PKHUD.framework",
				"${BUILT_PRODUCTS_DIR}/PPTopMostController/PPTopMostController.framework",
				"${BUILT_PRODUCTS_DIR}/RaptureXML/RaptureXML.framework",
				"${BUILT_PRODUCTS_DIR}/SkyFloatingLabelTextField/SkyFloatingLabelTextField.framework",
				"${BUILT_PRODUCTS_DIR}/TTTAttributedLabel/TTTAttributedLabel.framework",
				"${BUILT_PRODUCTS_DIR}/Toast/Toast.framework",
				"${BUILT_PRODUCTS_DIR}/UrbanAirship-iOS-SDK/AirshipKit.framework",
				"${BUILT_PRODUCTS_DIR}/XLPagerTabStrip/XLPagerTabStrip.framework",
				"${BUILT_PRODUCTS_DIR}/lottie-ios/Lottie.framework",
				"${BUILT_PRODUCTS_DIR}/EasyTipView/EasyTipView.framework",
				"${BUILT_PRODUCTS_DIR}/SwiftValidator/SwiftValidator.framework",
				"${BUILT_PRODUCTS_DIR}/SwiftyJSON/SwiftyJSON.framework",
			);
			name = "[CP] Embed Pods Frameworks";
			outputFileListPaths = (
			);
			outputPaths = (
				"${TARGET_BUILD_DIR}/${FRAMEWORKS_FOLDER_PATH}/AFNetworking.framework",
				"${TARGET_BUILD_DIR}/${FRAMEWORKS_FOLDER_PATH}/ActionSheetPicker_3_0.framework",
				"${TARGET_BUILD_DIR}/${FRAMEWORKS_FOLDER_PATH}/BEMCheckBox.framework",
				"${TARGET_BUILD_DIR}/${FRAMEWORKS_FOLDER_PATH}/Cartography.framework",
				"${TARGET_BUILD_DIR}/${FRAMEWORKS_FOLDER_PATH}/DLRadioButton.framework",
				"${TARGET_BUILD_DIR}/${FRAMEWORKS_FOLDER_PATH}/FontAwesome_swift.framework",
				"${TARGET_BUILD_DIR}/${FRAMEWORKS_FOLDER_PATH}/IBMMobileFirstPlatformFoundation.framework",
				"${TARGET_BUILD_DIR}/${FRAMEWORKS_FOLDER_PATH}/IQKeyboardManager.framework",
				"${TARGET_BUILD_DIR}/${FRAMEWORKS_FOLDER_PATH}/JSONModel.framework",
				"${TARGET_BUILD_DIR}/${FRAMEWORKS_FOLDER_PATH}/JWT.framework",
				"${TARGET_BUILD_DIR}/${FRAMEWORKS_FOLDER_PATH}/JVFloatLabeledTextField.framework",
				"${TARGET_BUILD_DIR}/${FRAMEWORKS_FOLDER_PATH}/ObjectMapper.framework",
				"${TARGET_BUILD_DIR}/${FRAMEWORKS_FOLDER_PATH}/PKHUD.framework",
				"${TARGET_BUILD_DIR}/${FRAMEWORKS_FOLDER_PATH}/PPTopMostController.framework",
				"${TARGET_BUILD_DIR}/${FRAMEWORKS_FOLDER_PATH}/RaptureXML.framework",
				"${TARGET_BUILD_DIR}/${FRAMEWORKS_FOLDER_PATH}/SkyFloatingLabelTextField.framework",
				"${TARGET_BUILD_DIR}/${FRAMEWORKS_FOLDER_PATH}/TTTAttributedLabel.framework",
				"${TARGET_BUILD_DIR}/${FRAMEWORKS_FOLDER_PATH}/Toast.framework",
				"${TARGET_BUILD_DIR}/${FRAMEWORKS_FOLDER_PATH}/AirshipKit.framework",
				"${TARGET_BUILD_DIR}/${FRAMEWORKS_FOLDER_PATH}/XLPagerTabStrip.framework",
				"${TARGET_BUILD_DIR}/${FRAMEWORKS_FOLDER_PATH}/Lottie.framework",
				"${TARGET_BUILD_DIR}/${FRAMEWORKS_FOLDER_PATH}/EasyTipView.framework",
				"${TARGET_BUILD_DIR}/${FRAMEWORKS_FOLDER_PATH}/SwiftValidator.framework",
				"${TARGET_BUILD_DIR}/${FRAMEWORKS_FOLDER_PATH}/SwiftyJSON.framework",
			);
			runOnlyForDeploymentPostprocessing = 0;
			shellPath = /bin/sh;
			shellScript = "\"${PODS_ROOT}/Target Support Files/Pods-KhipuTest/Pods-KhipuTest-frameworks.sh\"\n";
			showEnvVarsInLog = 0;
		};
/* End PBXShellScriptBuildPhase section */

/* Begin PBXSourcesBuildPhase section */
		BD22934F232076D300025851 /* Sources */ = {
			isa = PBXSourcesBuildPhase;
			buildActionMask = 2147483647;
			files = (
				BD229359232076D300025851 /* ViewController.swift in Sources */,
				BD22936F23207DC700025851 /* PaymentProcessHeader.swift in Sources */,
				BD229357232076D300025851 /* AppDelegate.swift in Sources */,
			);
			runOnlyForDeploymentPostprocessing = 0;
		};
/* End PBXSourcesBuildPhase section */

/* Begin PBXVariantGroup section */
		BD22935A232076D300025851 /* Main.storyboard */ = {
			isa = PBXVariantGroup;
			children = (
				BD22935B232076D300025851 /* Base */,
			);
			name = Main.storyboard;
			sourceTree = "<group>";
		};
		BD22935F232076D500025851 /* LaunchScreen.storyboard */ = {
			isa = PBXVariantGroup;
			children = (
				BD229360232076D500025851 /* Base */,
			);
			name = LaunchScreen.storyboard;
			sourceTree = "<group>";
		};
/* End PBXVariantGroup section */

/* Begin XCBuildConfiguration section */
		BD229363232076D500025851 /* Debug */ = {
			isa = XCBuildConfiguration;
			buildSettings = {
				ALWAYS_SEARCH_USER_PATHS = NO;
				CLANG_ANALYZER_NONNULL = YES;
				CLANG_ANALYZER_NUMBER_OBJECT_CONVERSION = YES_AGGRESSIVE;
				CLANG_CXX_LANGUAGE_STANDARD = "gnu++14";
				CLANG_CXX_LIBRARY = "libc++";
				CLANG_ENABLE_MODULES = YES;
				CLANG_ENABLE_OBJC_ARC = YES;
				CLANG_ENABLE_OBJC_WEAK = YES;
				CLANG_WARN_BLOCK_CAPTURE_AUTORELEASING = YES;
				CLANG_WARN_BOOL_CONVERSION = YES;
				CLANG_WARN_COMMA = YES;
				CLANG_WARN_CONSTANT_CONVERSION = YES;
				CLANG_WARN_DEPRECATED_OBJC_IMPLEMENTATIONS = YES;
				CLANG_WARN_DIRECT_OBJC_ISA_USAGE = YES_ERROR;
				CLANG_WARN_DOCUMENTATION_COMMENTS = YES;
				CLANG_WARN_EMPTY_BODY = YES;
				CLANG_WARN_ENUM_CONVERSION = YES;
				CLANG_WARN_INFINITE_RECURSION = YES;
				CLANG_WARN_INT_CONVERSION = YES;
				CLANG_WARN_NON_LITERAL_NULL_CONVERSION = YES;
				CLANG_WARN_OBJC_IMPLICIT_RETAIN_SELF = YES;
				CLANG_WARN_OBJC_LITERAL_CONVERSION = YES;
				CLANG_WARN_OBJC_ROOT_CLASS = YES_ERROR;
				CLANG_WARN_RANGE_LOOP_ANALYSIS = YES;
				CLANG_WARN_STRICT_PROTOTYPES = YES;
				CLANG_WARN_SUSPICIOUS_MOVE = YES;
				CLANG_WARN_UNGUARDED_AVAILABILITY = YES_AGGRESSIVE;
				CLANG_WARN_UNREACHABLE_CODE = YES;
				CLANG_WARN__DUPLICATE_METHOD_MATCH = YES;
				CODE_SIGN_IDENTITY = "iPhone Developer";
				COPY_PHASE_STRIP = NO;
				DEBUG_INFORMATION_FORMAT = dwarf;
				ENABLE_BITCODE = NO;
				ENABLE_STRICT_OBJC_MSGSEND = YES;
				ENABLE_TESTABILITY = YES;
				GCC_C_LANGUAGE_STANDARD = gnu11;
				GCC_DYNAMIC_NO_PIC = NO;
				GCC_NO_COMMON_BLOCKS = YES;
				GCC_OPTIMIZATION_LEVEL = 0;
				GCC_PREPROCESSOR_DEFINITIONS = (
					"DEBUG=1",
					"$(inherited)",
				);
				GCC_WARN_64_TO_32_BIT_CONVERSION = YES;
				GCC_WARN_ABOUT_RETURN_TYPE = YES_ERROR;
				GCC_WARN_UNDECLARED_SELECTOR = YES;
				GCC_WARN_UNINITIALIZED_AUTOS = YES_AGGRESSIVE;
				GCC_WARN_UNUSED_FUNCTION = YES;
				GCC_WARN_UNUSED_VARIABLE = YES;
				IPHONEOS_DEPLOYMENT_TARGET = 12.2;
				MTL_ENABLE_DEBUG_INFO = INCLUDE_SOURCE;
				MTL_FAST_MATH = YES;
				ONLY_ACTIVE_ARCH = NO;
				SDKROOT = iphoneos;
				SWIFT_ACTIVE_COMPILATION_CONDITIONS = DEBUG;
				SWIFT_OPTIMIZATION_LEVEL = "-Onone";
				SWIFT_VERSION = 4.2;
			};
			name = Debug;
		};
		BD229364232076D500025851 /* Release */ = {
			isa = XCBuildConfiguration;
			buildSettings = {
				ALWAYS_SEARCH_USER_PATHS = NO;
				CLANG_ANALYZER_NONNULL = YES;
				CLANG_ANALYZER_NUMBER_OBJECT_CONVERSION = YES_AGGRESSIVE;
				CLANG_CXX_LANGUAGE_STANDARD = "gnu++14";
				CLANG_CXX_LIBRARY = "libc++";
				CLANG_ENABLE_MODULES = YES;
				CLANG_ENABLE_OBJC_ARC = YES;
				CLANG_ENABLE_OBJC_WEAK = YES;
				CLANG_WARN_BLOCK_CAPTURE_AUTORELEASING = YES;
				CLANG_WARN_BOOL_CONVERSION = YES;
				CLANG_WARN_COMMA = YES;
				CLANG_WARN_CONSTANT_CONVERSION = YES;
				CLANG_WARN_DEPRECATED_OBJC_IMPLEMENTATIONS = YES;
				CLANG_WARN_DIRECT_OBJC_ISA_USAGE = YES_ERROR;
				CLANG_WARN_DOCUMENTATION_COMMENTS = YES;
				CLANG_WARN_EMPTY_BODY = YES;
				CLANG_WARN_ENUM_CONVERSION = YES;
				CLANG_WARN_INFINITE_RECURSION = YES;
				CLANG_WARN_INT_CONVERSION = YES;
				CLANG_WARN_NON_LITERAL_NULL_CONVERSION = YES;
				CLANG_WARN_OBJC_IMPLICIT_RETAIN_SELF = YES;
				CLANG_WARN_OBJC_LITERAL_CONVERSION = YES;
				CLANG_WARN_OBJC_ROOT_CLASS = YES_ERROR;
				CLANG_WARN_RANGE_LOOP_ANALYSIS = YES;
				CLANG_WARN_STRICT_PROTOTYPES = YES;
				CLANG_WARN_SUSPICIOUS_MOVE = YES;
				CLANG_WARN_UNGUARDED_AVAILABILITY = YES_AGGRESSIVE;
				CLANG_WARN_UNREACHABLE_CODE = YES;
				CLANG_WARN__DUPLICATE_METHOD_MATCH = YES;
				CODE_SIGN_IDENTITY = "iPhone Developer";
				COPY_PHASE_STRIP = NO;
				DEBUG_INFORMATION_FORMAT = "dwarf-with-dsym";
				ENABLE_BITCODE = NO;
				ENABLE_NS_ASSERTIONS = NO;
				ENABLE_STRICT_OBJC_MSGSEND = YES;
				GCC_C_LANGUAGE_STANDARD = gnu11;
				GCC_NO_COMMON_BLOCKS = YES;
				GCC_WARN_64_TO_32_BIT_CONVERSION = YES;
				GCC_WARN_ABOUT_RETURN_TYPE = YES_ERROR;
				GCC_WARN_UNDECLARED_SELECTOR = YES;
				GCC_WARN_UNINITIALIZED_AUTOS = YES_AGGRESSIVE;
				GCC_WARN_UNUSED_FUNCTION = YES;
				GCC_WARN_UNUSED_VARIABLE = YES;
				IPHONEOS_DEPLOYMENT_TARGET = 12.2;
				MTL_ENABLE_DEBUG_INFO = NO;
				MTL_FAST_MATH = YES;
				SDKROOT = iphoneos;
				SWIFT_COMPILATION_MODE = wholemodule;
				SWIFT_OPTIMIZATION_LEVEL = "-O";
				SWIFT_VERSION = 4.2;
				VALIDATE_PRODUCT = YES;
			};
			name = Release;
		};
		BD229366232076D500025851 /* Debug */ = {
			isa = XCBuildConfiguration;
			baseConfigurationReference = 26D933A9E244320BBECABD8F /* Pods-KhipuTest.debug.xcconfig */;
			buildSettings = {
				ASSETCATALOG_COMPILER_APPICON_NAME = AppIcon;
				CODE_SIGN_STYLE = Automatic;
				DEVELOPMENT_TEAM = 85E3H648RA;
				ENABLE_BITCODE = NO;
				FRAMEWORK_SEARCH_PATHS = (
					"$(inherited)",
					"\"${PODS_CONFIGURATION_BUILD_DIR}/AFNetworking\"",
					"\"${PODS_CONFIGURATION_BUILD_DIR}/AFNetworking-Synchronous\"",
					"\"${PODS_CONFIGURATION_BUILD_DIR}/ActionSheetPicker-3.0\"",
					"\"${PODS_CONFIGURATION_BUILD_DIR}/BEMCheckBox\"",
					"\"${PODS_CONFIGURATION_BUILD_DIR}/Cartography\"",
					"\"${PODS_CONFIGURATION_BUILD_DIR}/DLRadioButton\"",
					"\"${PODS_CONFIGURATION_BUILD_DIR}/FMDB\"",
					"\"${PODS_CONFIGURATION_BUILD_DIR}/FontAwesome.swift\"",
					"\"${PODS_CONFIGURATION_BUILD_DIR}/IQKeyboardManager\"",
					"\"${PODS_CONFIGURATION_BUILD_DIR}/JSONModel\"",
					"\"${PODS_CONFIGURATION_BUILD_DIR}/JSONWebToken\"",
					"\"${PODS_CONFIGURATION_BUILD_DIR}/ObjectMapper\"",
					"\"${PODS_CONFIGURATION_BUILD_DIR}/PKHUD\"",
					"\"${PODS_CONFIGURATION_BUILD_DIR}/PPTopMostController\"",
					"\"${PODS_CONFIGURATION_BUILD_DIR}/RaptureXML\"",
					"\"${PODS_CONFIGURATION_BUILD_DIR}/SkyFloatingLabelTextField\"",
					"\"${PODS_CONFIGURATION_BUILD_DIR}/SwiftValidator\"",
					"\"${PODS_CONFIGURATION_BUILD_DIR}/SwiftyJSON\"",
					"\"${PODS_CONFIGURATION_BUILD_DIR}/TTTAttributedLabel\"",
					"\"${PODS_CONFIGURATION_BUILD_DIR}/XLPagerTabStrip\"",
					"\"${PODS_CONFIGURATION_BUILD_DIR}/lottie-ios\"",
					"\"${PODS_ROOT}/IBMMobileFirstPlatformFoundation/IBMMobileFirstPlatformFoundation/Frameworks\"",
					"\"${PODS_ROOT}/khenshin/Products\"",
				);
				INFOPLIST_FILE = KhipuTest/Info.plist;
				IPHONEOS_DEPLOYMENT_TARGET = 9.0;
				LD_RUNPATH_SEARCH_PATHS = (
					"$(inherited)",
					"@executable_path/Frameworks",
				);
				ONLY_ACTIVE_ARCH = NO;
				PRODUCT_BUNDLE_IDENTIFIER = com.miclaroKhipu.app;
				PRODUCT_NAME = "$(TARGET_NAME)";
				SWIFT_SWIFT3_OBJC_INFERENCE = On;
				SWIFT_VERSION = 4.2;
				TARGETED_DEVICE_FAMILY = "1,2";
			};
			name = Debug;
		};
		BD229367232076D500025851 /* Release */ = {
			isa = XCBuildConfiguration;
			baseConfigurationReference = 2FCB629B5AC915087B93D6D3 /* Pods-KhipuTest.release.xcconfig */;
			buildSettings = {
				ASSETCATALOG_COMPILER_APPICON_NAME = AppIcon;
				CODE_SIGN_STYLE = Automatic;
				DEVELOPMENT_TEAM = 85E3H648RA;
				ENABLE_BITCODE = NO;
				FRAMEWORK_SEARCH_PATHS = (
					"$(inherited)",
					"\"${PODS_CONFIGURATION_BUILD_DIR}/AFNetworking\"",
					"\"${PODS_CONFIGURATION_BUILD_DIR}/AFNetworking-Synchronous\"",
					"\"${PODS_CONFIGURATION_BUILD_DIR}/ActionSheetPicker-3.0\"",
					"\"${PODS_CONFIGURATION_BUILD_DIR}/BEMCheckBox\"",
					"\"${PODS_CONFIGURATION_BUILD_DIR}/Cartography\"",
					"\"${PODS_CONFIGURATION_BUILD_DIR}/DLRadioButton\"",
					"\"${PODS_CONFIGURATION_BUILD_DIR}/FMDB\"",
					"\"${PODS_CONFIGURATION_BUILD_DIR}/FontAwesome.swift\"",
					"\"${PODS_CONFIGURATION_BUILD_DIR}/IQKeyboardManager\"",
					"\"${PODS_CONFIGURATION_BUILD_DIR}/JSONModel\"",
					"\"${PODS_CONFIGURATION_BUILD_DIR}/JSONWebToken\"",
					"\"${PODS_CONFIGURATION_BUILD_DIR}/ObjectMapper\"",
					"\"${PODS_CONFIGURATION_BUILD_DIR}/PKHUD\"",
					"\"${PODS_CONFIGURATION_BUILD_DIR}/PPTopMostController\"",
					"\"${PODS_CONFIGURATION_BUILD_DIR}/RaptureXML\"",
					"\"${PODS_CONFIGURATION_BUILD_DIR}/SkyFloatingLabelTextField\"",
					"\"${PODS_CONFIGURATION_BUILD_DIR}/SwiftValidator\"",
					"\"${PODS_CONFIGURATION_BUILD_DIR}/SwiftyJSON\"",
					"\"${PODS_CONFIGURATION_BUILD_DIR}/TTTAttributedLabel\"",
					"\"${PODS_CONFIGURATION_BUILD_DIR}/XLPagerTabStrip\"",
					"\"${PODS_CONFIGURATION_BUILD_DIR}/lottie-ios\"",
					"\"${PODS_ROOT}/IBMMobileFirstPlatformFoundation/IBMMobileFirstPlatformFoundation/Frameworks\"",
					"\"${PODS_ROOT}/khenshin/Products\"",
				);
				INFOPLIST_FILE = KhipuTest/Info.plist;
				IPHONEOS_DEPLOYMENT_TARGET = 9.0;
				LD_RUNPATH_SEARCH_PATHS = (
					"$(inherited)",
					"@executable_path/Frameworks",
				);
				PRODUCT_BUNDLE_IDENTIFIER = com.miclaroKhipu.app;
				PRODUCT_NAME = "$(TARGET_NAME)";
				SWIFT_SWIFT3_OBJC_INFERENCE = On;
				SWIFT_VERSION = 4.2;
				TARGETED_DEVICE_FAMILY = "1,2";
			};
			name = Release;
		};
/* End XCBuildConfiguration section */

/* Begin XCConfigurationList section */
		BD22934E232076D300025851 /* Build configuration list for PBXProject "KhipuTest" */ = {
			isa = XCConfigurationList;
			buildConfigurations = (
				BD229363232076D500025851 /* Debug */,
				BD229364232076D500025851 /* Release */,
			);
			defaultConfigurationIsVisible = 0;
			defaultConfigurationName = Release;
		};
		BD229365232076D500025851 /* Build configuration list for PBXNativeTarget "KhipuTest" */ = {
			isa = XCConfigurationList;
			buildConfigurations = (
				BD229366232076D500025851 /* Debug */,
				BD229367232076D500025851 /* Release */,
			);
			defaultConfigurationIsVisible = 0;
			defaultConfigurationName = Release;
		};
/* End XCConfigurationList section */
	};
	rootObject = BD22934B232076D300025851 /* Project object */;
}
